
Microsoft Visual Studio Solution File, Format Version 12.00
# Visual Studio Version 16
VisualStudioVersion = 25.0.1700.0
MinimumVisualStudioVersion = 10.0.40219.1
Project("{FAE04EC0-301F-11D3-BF4B-00C04F79EFBC}") = "Vending_Machine", "Vending_Machine.csproj", "{2DECF92E-6987-4D11-AC11-2A4CC05F4475}"
EndProject
Global
	GlobalSection(SolutionConfigurationPlatforms) = preSolution
		Debug|Any CPU = Debug|Any CPU
		Release|Any CPU = Release|Any CPU
	EndGlobalSection
	GlobalSection(ProjectConfigurationPlatforms) = postSolution
		{2DECF92E-6987-4D11-AC11-2A4CC05F4475}.Debug|Any CPU.ActiveCfg = Debug|Any CPU
		{2DECF92E-6987-4D11-AC11-2A4CC05F4475}.Debug|Any CPU.Build.0 = Debug|Any CPU
		{2DECF92E-6987-4D11-AC11-2A4CC05F4475}.Release|Any CPU.ActiveCfg = Release|Any CPU
		{2DECF92E-6987-4D11-AC11-2A4CC05F4475}.Release|Any CPU.Build.0 = Release|Any CPU
	EndGlobalSection
	GlobalSection(SolutionProperties) = preSolution
		HideSolutionNode = FALSE
	EndGlobalSection
	GlobalSection(ExtensibilityGlobals) = postSolution
		SolutionGuid = {E6FFB3F6-FF76-4FAB-A631-D7999F3DB5D2}
	EndGlobalSection
EndGlobal
